
Microsoft Visual Studio Solution File, Format Version 11.00
# Visual Studio 2010
Project("{4925A630-B079-445d-BCD4-3A9C94FE9307}") = "FSInteractiveAndroid", "FSInteractiveAndroid\FSInteractiveAndroid.fsproj", "{BC7044DE-761C-4FE2-A08D-D86225F20DFF}"
EndProject
Global
	GlobalSection(SolutionConfigurationPlatforms) = preSolution
		Debug|Any CPU = Debug|Any CPU
		Release|Any CPU = Release|Any CPU
	EndGlobalSection
	GlobalSection(ProjectConfigurationPlatforms) = postSolution
		{BC7044DE-761C-4FE2-A08D-D86225F20DFF}.Debug|Any CPU.ActiveCfg = Debug|Any CPU
		{BC7044DE-761C-4FE2-A08D-D86225F20DFF}.Debug|Any CPU.Build.0 = Debug|Any CPU
		{BC7044DE-761C-4FE2-A08D-D86225F20DFF}.Release|Any CPU.ActiveCfg = Release|Any CPU
		{BC7044DE-761C-4FE2-A08D-D86225F20DFF}.Release|Any CPU.Build.0 = Release|Any CPU
	EndGlobalSection
	GlobalSection(MonoDevelopProperties) = preSolution
		StartupItem = FSInteractiveTestHarness\FSInteractiveTestHarness.fsproj
	EndGlobalSection
EndGlobal
